
Microsoft Visual Studio Solution File, Format Version 12.00
# Visual Studio 14
VisualStudioVersion = 14.0.23107.0
MinimumVisualStudioVersion = 10.0.40219.1
Project("{FAE04EC0-301F-11D3-BF4B-00C04F79EFBC}") = "A-star", "A-star\A-star.csproj", "{BB61B70F-8086-4EC4-98BA-C10D7C430CDC}"
EndProject
Global
	GlobalSection(SolutionConfigurationPlatforms) = preSolution
		Debug|Any CPU = Debug|Any CPU
		Release|Any CPU = Release|Any CPU
	EndGlobalSection
	GlobalSection(ProjectConfigurationPlatforms) = postSolution
		{BB61B70F-8086-4EC4-98BA-C10D7C430CDC}.Debug|Any CPU.ActiveCfg = Debug|Any CPU
		{BB61B70F-8086-4EC4-98BA-C10D7C430CDC}.Debug|Any CPU.Build.0 = Debug|Any CPU
		{BB61B70F-8086-4EC4-98BA-C10D7C430CDC}.Release|Any CPU.ActiveCfg = Release|Any CPU
		{BB61B70F-8086-4EC4-98BA-C10D7C430CDC}.Release|Any CPU.Build.0 = Release|Any CPU
	EndGlobalSection
	GlobalSection(SolutionProperties) = preSolution
		HideSolutionNode = FALSE
	EndGlobalSection
EndGlobal
